
Microsoft Visual Studio Solution File, Format Version 12.00
# Visual Studio 15
Project("{FAE04EC0-301F-11D3-BF4B-00C04F79EFBC}") = "xasset", "xasset\xasset.csproj", "{E01CA643-7061-4A77-A18A-BEC071F76F05}"
EndProject
Project("{FAE04EC0-301F-11D3-BF4B-00C04F79EFBC}") = "xasset.editor", "xasset.editor\xasset.editor.csproj", "{E8013C09-D906-4F57-9D25-7B629A7E99A0}"
EndProject
Global
	GlobalSection(SolutionConfigurationPlatforms) = preSolution
		Debug|Any CPU = Debug|Any CPU
		Release|Any CPU = Release|Any CPU
	EndGlobalSection
	GlobalSection(ProjectConfigurationPlatforms) = postSolution
		{E01CA643-7061-4A77-A18A-BEC071F76F05}.Debug|Any CPU.ActiveCfg = Debug|Any CPU
		{E01CA643-7061-4A77-A18A-BEC071F76F05}.Debug|Any CPU.Build.0 = Debug|Any CPU
		{E01CA643-7061-4A77-A18A-BEC071F76F05}.Release|Any CPU.ActiveCfg = Release|Any CPU
		{E01CA643-7061-4A77-A18A-BEC071F76F05}.Release|Any CPU.Build.0 = Release|Any CPU
		{E8013C09-D906-4F57-9D25-7B629A7E99A0}.Debug|Any CPU.ActiveCfg = Debug|Any CPU
		{E8013C09-D906-4F57-9D25-7B629A7E99A0}.Debug|Any CPU.Build.0 = Debug|Any CPU
		{E8013C09-D906-4F57-9D25-7B629A7E99A0}.Release|Any CPU.ActiveCfg = Release|Any CPU
		{E8013C09-D906-4F57-9D25-7B629A7E99A0}.Release|Any CPU.Build.0 = Release|Any CPU
	EndGlobalSection
EndGlobal
